
Microsoft Visual Studio Solution File, Format Version 12.00
# Visual Studio Version 17
VisualStudioVersion = 17.5.33103.201
MinimumVisualStudioVersion = 10.0.40219.1
Project("{FAE04EC0-301F-11D3-BF4B-00C04F79EFBC}") = "Calculator", "Calculator\Calculator.csproj", "{70A2775A-5125-46B2-A9DB-8B5CBB45615A}"
EndProject
Project("{FAE04EC0-301F-11D3-BF4B-00C04F79EFBC}") = "Calculator.Tests_MSTest", "Calculator.Tests_MSTest\Calculator.Tests_MSTest.csproj", "{2FF1A6BA-C828-4C6A-980F-0907DE0D865B}"
EndProject
Project("{FAE04EC0-301F-11D3-BF4B-00C04F79EFBC}") = "Calculator.Tests_NUnit", "Calculator.Tests_NUnit\Calculator.Tests_NUnit.csproj", "{FEF453F4-D199-4F2A-9790-A05EDCA1AD84}"
EndProject
Project("{FAE04EC0-301F-11D3-BF4B-00C04F79EFBC}") = "Calculator.Tests_xUnit", "Calculator.Tests_xUnit\Calculator.Tests_xUnit.csproj", "{5880CBB2-6F1B-4C06-B484-F62130109F60}"
EndProject
Global
	GlobalSection(SolutionConfigurationPlatforms) = preSolution
		Debug|Any CPU = Debug|Any CPU
		Release|Any CPU = Release|Any CPU
	EndGlobalSection
	GlobalSection(ProjectConfigurationPlatforms) = postSolution
		{70A2775A-5125-46B2-A9DB-8B5CBB45615A}.Debug|Any CPU.ActiveCfg = Debug|Any CPU
		{70A2775A-5125-46B2-A9DB-8B5CBB45615A}.Debug|Any CPU.Build.0 = Debug|Any CPU
		{70A2775A-5125-46B2-A9DB-8B5CBB45615A}.Release|Any CPU.ActiveCfg = Release|Any CPU
		{70A2775A-5125-46B2-A9DB-8B5CBB45615A}.Release|Any CPU.Build.0 = Release|Any CPU
		{2FF1A6BA-C828-4C6A-980F-0907DE0D865B}.Debug|Any CPU.ActiveCfg = Debug|Any CPU
		{2FF1A6BA-C828-4C6A-980F-0907DE0D865B}.Debug|Any CPU.Build.0 = Debug|Any CPU
		{2FF1A6BA-C828-4C6A-980F-0907DE0D865B}.Release|Any CPU.ActiveCfg = Release|Any CPU
		{2FF1A6BA-C828-4C6A-980F-0907DE0D865B}.Release|Any CPU.Build.0 = Release|Any CPU
		{FEF453F4-D199-4F2A-9790-A05EDCA1AD84}.Debug|Any CPU.ActiveCfg = Debug|Any CPU
		{FEF453F4-D199-4F2A-9790-A05EDCA1AD84}.Debug|Any CPU.Build.0 = Debug|Any CPU
		{FEF453F4-D199-4F2A-9790-A05EDCA1AD84}.Release|Any CPU.ActiveCfg = Release|Any CPU
		{FEF453F4-D199-4F2A-9790-A05EDCA1AD84}.Release|Any CPU.Build.0 = Release|Any CPU
		{5880CBB2-6F1B-4C06-B484-F62130109F60}.Debug|Any CPU.ActiveCfg = Debug|Any CPU
		{5880CBB2-6F1B-4C06-B484-F62130109F60}.Debug|Any CPU.Build.0 = Debug|Any CPU
		{5880CBB2-6F1B-4C06-B484-F62130109F60}.Release|Any CPU.ActiveCfg = Release|Any CPU
		{5880CBB2-6F1B-4C06-B484-F62130109F60}.Release|Any CPU.Build.0 = Release|Any CPU
	EndGlobalSection
	GlobalSection(SolutionProperties) = preSolution
		HideSolutionNode = FALSE
	EndGlobalSection
	GlobalSection(ExtensibilityGlobals) = postSolution
		SolutionGuid = {AB8A8A38-8C1D-49AE-9D89-A041832F7545}
	EndGlobalSection
EndGlobal
