
Microsoft Visual Studio Solution File, Format Version 12.00
# Visual Studio Version 17
VisualStudioVersion = 17.5.33103.201
MinimumVisualStudioVersion = 10.0.40219.1
Project("{9A19103F-16F7-4668-BE54-9A1E7A4F7556}") = "PizzaShop.Data", "PizzaShop.Data\PizzaShop.Data.csproj", "{A674CEBE-3843-4A05-882A-4BF29B6CFDDC}"
EndProject
Project("{9A19103F-16F7-4668-BE54-9A1E7A4F7556}") = "PizzaShop.Data.Tests", "PizzaShop.Data.Tests\PizzaShop.Data.Tests.csproj", "{8D8FBE3F-CF75-4B86-A58C-DBCF703263FE}"
EndProject
Project("{9A19103F-16F7-4668-BE54-9A1E7A4F7556}") = "PizzaShop.Logic", "PizzaShop.Logic\PizzaShop.Logic.csproj", "{C6212E6B-60DC-4BF3-9EFA-4DAA58DCC659}"
EndProject
Project("{9A19103F-16F7-4668-BE54-9A1E7A4F7556}") = "PizzaShop.Logic.Tests", "PizzaShop.Logic.Tests\PizzaShop.Logic.Tests.csproj", "{03A57363-256D-4197-9734-CA7FB2DD6960}"
EndProject
Project("{FAE04EC0-301F-11D3-BF4B-00C04F79EFBC}") = "PizzaShop.Common", "PizzaShop.Common\PizzaShop.Common.csproj", "{DAD75A44-6DEB-472E-9240-3EA69D97A718}"
EndProject
Global
	GlobalSection(SolutionConfigurationPlatforms) = preSolution
		Debug|Any CPU = Debug|Any CPU
		Release|Any CPU = Release|Any CPU
	EndGlobalSection
	GlobalSection(ProjectConfigurationPlatforms) = postSolution
		{A674CEBE-3843-4A05-882A-4BF29B6CFDDC}.Debug|Any CPU.ActiveCfg = Debug|Any CPU
		{A674CEBE-3843-4A05-882A-4BF29B6CFDDC}.Debug|Any CPU.Build.0 = Debug|Any CPU
		{A674CEBE-3843-4A05-882A-4BF29B6CFDDC}.Release|Any CPU.ActiveCfg = Release|Any CPU
		{A674CEBE-3843-4A05-882A-4BF29B6CFDDC}.Release|Any CPU.Build.0 = Release|Any CPU
		{8D8FBE3F-CF75-4B86-A58C-DBCF703263FE}.Debug|Any CPU.ActiveCfg = Debug|Any CPU
		{8D8FBE3F-CF75-4B86-A58C-DBCF703263FE}.Debug|Any CPU.Build.0 = Debug|Any CPU
		{8D8FBE3F-CF75-4B86-A58C-DBCF703263FE}.Release|Any CPU.ActiveCfg = Release|Any CPU
		{8D8FBE3F-CF75-4B86-A58C-DBCF703263FE}.Release|Any CPU.Build.0 = Release|Any CPU
		{C6212E6B-60DC-4BF3-9EFA-4DAA58DCC659}.Debug|Any CPU.ActiveCfg = Debug|Any CPU
		{C6212E6B-60DC-4BF3-9EFA-4DAA58DCC659}.Debug|Any CPU.Build.0 = Debug|Any CPU
		{C6212E6B-60DC-4BF3-9EFA-4DAA58DCC659}.Release|Any CPU.ActiveCfg = Release|Any CPU
		{C6212E6B-60DC-4BF3-9EFA-4DAA58DCC659}.Release|Any CPU.Build.0 = Release|Any CPU
		{03A57363-256D-4197-9734-CA7FB2DD6960}.Debug|Any CPU.ActiveCfg = Debug|Any CPU
		{03A57363-256D-4197-9734-CA7FB2DD6960}.Debug|Any CPU.Build.0 = Debug|Any CPU
		{03A57363-256D-4197-9734-CA7FB2DD6960}.Release|Any CPU.ActiveCfg = Release|Any CPU
		{03A57363-256D-4197-9734-CA7FB2DD6960}.Release|Any CPU.Build.0 = Release|Any CPU
		{DAD75A44-6DEB-472E-9240-3EA69D97A718}.Debug|Any CPU.ActiveCfg = Debug|Any CPU
		{DAD75A44-6DEB-472E-9240-3EA69D97A718}.Debug|Any CPU.Build.0 = Debug|Any CPU
		{DAD75A44-6DEB-472E-9240-3EA69D97A718}.Release|Any CPU.ActiveCfg = Release|Any CPU
		{DAD75A44-6DEB-472E-9240-3EA69D97A718}.Release|Any CPU.Build.0 = Release|Any CPU
	EndGlobalSection
	GlobalSection(SolutionProperties) = preSolution
		HideSolutionNode = FALSE
	EndGlobalSection
	GlobalSection(ExtensibilityGlobals) = postSolution
		SolutionGuid = {4947CE70-1EF4-402C-A7FF-6E69A8A9A5A5}
	EndGlobalSection
EndGlobal
